# This file is autogenerated, do not edit; changes may be undone by the next 'dep ensure'.


[[projects]]
  digest = "1:c1c3d6b976bf8a04d745f8f5003156ddce4f3965851939ff5d84304c85161c46"
  name = "cloud.google.com/go"
  packages = [
    "compute/metadata",
    "iam",
    "internal",
    "internal/optional",
    "internal/trace",
    "internal/version",
    "logging",
    "logging/apiv2",
    "logging/internal",
    "pubsub",
    "pubsub/apiv1",
    "pubsub/internal/distribution",
    "storage",
  ]
  pruneopts = ""
  revision = "1fd54cf41e6e0e178ffe3c52b0e2260281f603e3"
  version = "v0.32.0"

[[projects]]
  digest = "1:b0fe84bcee1d0c3579d855029ccd3a76deea187412da2976985e4946289dbb2c"
  name = "github.com/NYTimes/gziphandler"
  packages = ["."]
  pruneopts = ""
  revision = "2600fb119af974220d3916a5916d6e31176aac1b"
  version = "v1.0.1"

[[projects]]
  branch = "master"
  digest = "1:3c292d5c4fe036d536e3a5945caa056f295e82142f1cbb493cf3d9ec7198e0e3"
  name = "github.com/anmitsu/go-shlex"
  packages = ["."]
  pruneopts = ""
  revision = "648efa622239a2f6ff949fed78ee37b48d499ba4"

[[projects]]
  digest = "1:4b1c01ac5aadd45d07391f69b97c3af4702e4ce963846f04099de26895979e15"
  name = "github.com/antonlindstrom/pgstore"
  packages = ["."]
  pruneopts = ""
  revision = "a407030ba6d0efd9a1aad3d0cfc18a9b13d2f2e7"
  version = "1.0.0"

[[projects]]
  branch = "master"
  digest = "1:c0bec5f9b98d0bc872ff5e834fac186b807b656683bd29cb82fb207a1513fabb"
  name = "github.com/beorn7/perks"
  packages = ["quantile"]
  pruneopts = ""
  revision = "3a771d992973f24aa725d07868b467d1ddfceafb"

[[projects]]
  digest = "1:e9599e061b6e1b85b9c9e44c42452ddd0daf7e90d5ce469742a02eec70308381"
  name = "github.com/blevesearch/bleve"
  packages = [
    "analysis",
    "analysis/tokenizer/regexp",
    "document",
    "geo",
    "index",
    "index/store",
    "numeric",
    "registry",
    "search",
    "search/highlight",
    "size",
  ]
  pruneopts = ""
  revision = "0bb7fb280a4cc7fa691add6809fdf0d9273f726a"
  version = "v0.8.0"

[[projects]]
  digest = "1:20c380257968a4a7a5d6cb00fc131920f48821db32ac0c4c2e86048d4ac7a88b"
  name = "github.com/blevesearch/go-porterstemmer"
  packages = ["."]
  pruneopts = ""
  revision = "23a2c8e5cf1f380f27722c6d2ae8896431dc7d0e"
  version = "v1.0.2"

[[projects]]
  branch = "master"
  digest = "1:d45ab3c19a5310309cfb502632eb03091a2cf12c3b224732c9b6f1ef10df2340"
  name = "github.com/bluele/gcache"
  packages = ["."]
  pruneopts = ""
  revision = "472614239ac7e5bc6461e237c798a6ebd5aff8c1"

[[projects]]
  digest = "1:59df7ab87ddca233bb586ff32c6feba12bf787260f6694dc45ceecea9d3e1a7e"
  name = "github.com/cenkalti/backoff"
  packages = ["."]
  pruneopts = ""
  revision = "1e4cf3da559842a91afcb6ea6141451e6c30c618"
  version = "v2.1.1"

[[projects]]
  digest = "1:56c130d885a4aacae1dd9c7b71cfe39912c7ebc1ff7d2b46083c8812996dc43b"
  name = "github.com/davecgh/go-spew"
  packages = ["spew"]
  pruneopts = ""
  revision = "346938d642f2ec3594ed81d874461961cd0faa76"
  version = "v1.1.0"

[[projects]]
  digest = "1:6098222470fe0172157ce9bbef5d2200df4edde17ee649c5d6e48330e4afa4c6"
  name = "github.com/dgrijalva/jwt-go"
  packages = ["."]
  pruneopts = ""
  revision = "06ea1031745cb8b3dab3f6a236daf2b0aa468b7e"
  version = "v3.2.0"

[[projects]]
  branch = "master"
  digest = "1:512a089b2397eb5c8a3ec115c5f55b8e37e1e85ef1748b29158dba2675e56509"
  name = "github.com/dhduvall/gcloudzap"
  packages = ["."]
  pruneopts = ""
  revision = "da9a454c7d192668c0c5eb9733b21692b0f71474"

[[projects]]
  digest = "1:e988ed0ca0d81f4d28772760c02ee95084961311291bdfefc1b04617c178b722"
  name = "github.com/fatih/color"
  packages = ["."]
  pruneopts = ""
  revision = "5b77d2a35fb0ede96d138fc9a99f5c9b6aef11b4"
  version = "v1.7.0"

[[projects]]
  digest = "1:8fca1a11f4f8011e273c92799abb21be58df214079a6226a7f13b0f697c5921a"
  name = "github.com/gliderlabs/ssh"
  packages = ["."]
  pruneopts = ""
  revision = "d3a6756290240931faaf90ec97ddd5d9290623d8"
  version = "v0.1.1"

[[projects]]
  branch = "master"
  digest = "1:3fae24e79523e8d2bf738d4d17f4b3a6e9b80efda75a5731ea4662a243499664"
  name = "github.com/goftp/file-driver"
  packages = ["."]
  pruneopts = ""
  revision = "5d604a0fc0c9bdd141ddcb569a5ec32726bd8a1a"

[[projects]]
  branch = "master"
  digest = "1:c17f4ed32a41d35cfa91f9f263c58283faeb014af70d37af1072335a7d84219f"
  name = "github.com/goftp/server"
  packages = ["."]
  pruneopts = ""
  revision = "6ce292dea1e650698017f287e143d5aad42dc2fc"

[[projects]]
  digest = "1:3dd078fda7500c341bc26cfbc6c6a34614f295a2457149fc1045cab767cbcf18"
  name = "github.com/golang/protobuf"
  packages = [
    "jsonpb",
    "proto",
    "protoc-gen-go/descriptor",
    "ptypes",
    "ptypes/any",
    "ptypes/duration",
    "ptypes/empty",
    "ptypes/struct",
    "ptypes/timestamp",
  ]
  pruneopts = ""
  revision = "aa810b61a9c79d51363740d207bb46cf8e620ed5"
  version = "v1.2.0"

[[projects]]
  digest = "1:4545d800b399dc0fe7102c3399057e0616255f5a79850545747eebc2acff44c9"
  name = "github.com/google/gopacket"
  packages = [
    ".",
    "layers",
    "pcap",
  ]
  pruneopts = ""
  revision = "7f3fc6cbbb499248dca53da7fe3ed6c25a78d22f"
  version = "v1.1.16"

[[projects]]
  digest = "1:e097a364f4e8d8d91b9b9eeafb992d3796a41fde3eb548c1a87eb9d9f60725cf"
  name = "github.com/googleapis/gax-go"
  packages = ["."]
  pruneopts = ""
  revision = "317e0006254c44a0ac427cc52a0e083ff0b9622f"
  version = "v2.0.0"

[[projects]]
  digest = "1:dbbeb8ddb0be949954c8157ee8439c2adfd8dc1c9510eb44a6e58cb68c3dce28"
  name = "github.com/gorilla/context"
  packages = ["."]
  pruneopts = ""
  revision = "08b5f424b9271eedf6f9f0ce86cb9396ed337a42"
  version = "v1.1.1"

[[projects]]
  digest = "1:c2c8666b4836c81a1d247bdf21c6a6fc1ab586538ab56f74437c2e0df5c375e1"
  name = "github.com/gorilla/mux"
  packages = ["."]
  pruneopts = ""
  revision = "e3702bed27f0d39777b0b37b664b6280e8ef8fbf"
  version = "v1.6.2"

[[projects]]
  digest = "1:529dd39ce1a3837709c5f1dbf0a803ecb22e4fef79c722cdd9805e2a63ca686e"
  name = "github.com/gorilla/schema"
  packages = ["."]
  pruneopts = ""
  revision = "d0e4c24cff97ae983e9847e0ed5a02dc10013d41"
  version = "v1.0.2"

[[projects]]
  digest = "1:51a1d17ba9fe6648d9fdd5b822baa616d6ec7f28c8669c2091126d206796b5ae"
  name = "github.com/gorilla/securecookie"
  packages = ["."]
  pruneopts = ""
  revision = "e59506cc896acb7f7bf732d4fdf5e25f7ccd8983"
  version = "v1.1.1"

[[projects]]
  digest = "1:73a5fcb45a8eb1b1195fa8c1c18a7c7a874ec8f507cd7b39026ab255855b6506"
  name = "github.com/gorilla/sessions"
  packages = ["."]
  pruneopts = ""
  revision = "03b6f63cc43ef9c7240a635a5e22b13180e822b8"
  version = "v1.1.1"

[[projects]]
  digest = "1:09aa5dd1332b93c96bde671bafb053249dc813febf7d5ca84e8f382ba255d67d"
  name = "github.com/gorilla/websocket"
  packages = ["."]
  pruneopts = ""
  revision = "66b9c49e59c6c48f0ffce28c2d8b8a5678502c6d"
  version = "v1.4.0"

[[projects]]
  digest = "1:91f14800b32f2211b254931c8c58991244bb446da947f656640d8bdf12689530"
  name = "github.com/gosuri/uilive"
  packages = ["."]
  pruneopts = ""
  revision = "4512d98b127f3f3a1b7c3cf1104969fdd17b31d9"
  version = "v0.0.3"

[[projects]]
  digest = "1:54f35be9e0acc2aa92e58311c87f0355bac769ce200ae43945ae43d7fde22bc7"
  name = "github.com/gosuri/uiprogress"
  packages = [
    ".",
    "util/strutil",
  ]
  pruneopts = ""
  revision = "d0567a9d84a1c40dd7568115ea66f4887bf57b33"
  version = "0.0.1"

[[projects]]
  digest = "1:9a0b2dd1f882668a3d7fbcd424eed269c383a16f1faa3a03d14e0dd5fba571b1"
  name = "github.com/grpc-ecosystem/go-grpc-middleware"
  packages = [
    ".",
    "auth",
    "logging",
    "logging/zap",
    "logging/zap/ctxzap",
    "tags",
    "tags/zap",
    "util/metautils",
  ]
  pruneopts = ""
  revision = "c250d6563d4d4c20252cd865923440e829844f4e"
  version = "v1.0.0"

[[projects]]
  digest = "1:e24dc5ef44694848785de507f439a24e9e6d96d7b43b8cf3d6cfa857aa1e2186"
  name = "github.com/grpc-ecosystem/go-grpc-prometheus"
  packages = ["."]
  pruneopts = ""
  revision = "c225b8c3b01faf2899099b768856a9e916e5087b"
  version = "v1.2.0"

[[projects]]
  digest = "1:1582dd711e6e5ef92d6245a5dd0646da19d0d0acb94ea615d43896b7b6c6620b"
  name = "github.com/guregu/null"
  packages = ["."]
  pruneopts = ""
  revision = "80515d440932108546bcade467bb7d6968e812e2"
  version = "v3.4.0"

[[projects]]
  branch = "master"
  digest = "1:94158926759c3333201f81eee5a21112f7ae9d000b4d6926455008c7ab3fb7fc"
  name = "github.com/hashicorp/go-version"
  packages = ["."]
  pruneopts = ""
  revision = "23480c0665776210b5fbbac6eaaee40e3e6a96b7"

[[projects]]
  digest = "1:870d441fe217b8e689d7949fef6e43efbc787e50f200cb1e70dbca9204a1d6be"
  name = "github.com/inconshreveable/mousetrap"
  packages = ["."]
  pruneopts = ""
  revision = "76626ae9c91c4f2a10f34cad8ce83ea42c93bb75"
  version = "v1.0"

[[projects]]
  branch = "master"
  digest = "1:64b78d98b8956492576911baf6a1e3499816d4575e485d12792e4abe7d8b6c46"
  name = "github.com/jlaffaye/ftp"
  packages = ["."]
  pruneopts = ""
  revision = "2403248fa8cc9f7909862627aa7337f13f8e0bf1"

[[projects]]
  digest = "1:4611e727460d3634059cbe6e0a4799aaeb426ef8150e3b26056c83e1106831c4"
  name = "github.com/jmoiron/sqlx"
  packages = [
    ".",
    "reflectx",
  ]
  pruneopts = ""
  revision = "d161d7a76b5661016ad0b085869f77fd410f3e6a"
  version = "v1.2.0"

[[projects]]
  digest = "1:83423fd6dfe89caea12a3c7bdebfe520892f9cb92e70af948f2033eeba43ac21"
  name = "github.com/klauspost/oui"
  packages = ["."]
  pruneopts = ""
  revision = "1309774d78c68a8b186890b07cfea9109f937506"
  version = "v1.1"

[[projects]]
  branch = "master"
  digest = "1:dd0d7aa701627989b67408a77bbd124bb675955c9a8649288025aaf086d7a9bd"
  name = "github.com/krolaw/dhcp4"
  packages = [
    ".",
    "conn",
  ]
  pruneopts = ""
  revision = "4abfceffa76a675ea43d133e49aad64c821d32bf"

[[projects]]
  digest = "1:4beb546223497fdc767dd15f2f48e271598817cecda2beaf2ad7bf43282d5bf7"
  name = "github.com/labstack/echo"
  packages = [
    ".",
    "middleware",
  ]
  pruneopts = ""
  revision = "38772c686c76b501f94bd6cd5b77f5842e93b559"
  version = "v3.3.10"

[[projects]]
  digest = "1:349640bbfc79df678ac9afcd757f7cdae9d204dcdf4ee4a61fadfa6eb6e3fea4"
  name = "github.com/labstack/echo-contrib"
  packages = ["session"]
  pruneopts = ""
  revision = "7d9d9632a4aadf9b026436e43d5f96eca2d895a6"
  version = "0.5.2"

[[projects]]
  digest = "1:f0c583bb1189614701bb928f1a73a7f71a3d31b76f1fbbe6619a83d92cbd2def"
  name = "github.com/labstack/gommon"
  packages = [
    "bytes",
    "color",
    "log",
    "random",
  ]
  pruneopts = ""
  revision = "2a618302b929cc20862dda3aa6f02f64dbe740dd"
  version = "v0.2.7"

[[projects]]
  branch = "master"
  digest = "1:e52b1a08e606f2108f9b4e761ec08c1fe863216e922ea146e8c4b76aa76d7b43"
  name = "github.com/lair-framework/go-nmap"
  packages = ["."]
  pruneopts = ""
  revision = "84c21710ccc8b9bc7a6cc4b5863bd27a36836c4f"

[[projects]]
  digest = "1:f6cbb1f6814b172d149138a38aa5ca351dde0313ff6d31aace335226b191d9ca"
  name = "github.com/lestrrat/go-apache-logformat"
  packages = [
    ".",
    "internal/httputil",
    "internal/logctx",
  ]
  pruneopts = ""
  revision = "96240283407bfb047030069e9e56c4be4ccc205c"
  version = "v2.0.1"

[[projects]]
  branch = "master"
  digest = "1:0e2266d8d5d8ec8b77b23a98ad6dadf990db1a877b36483b13f6e7b06f0982a5"
  name = "github.com/lestrrat/go-strftime"
  packages = ["."]
  pruneopts = ""
  revision = "ba3bf9c1d0421aa146564a632931730344f1f9f1"

[[projects]]
  digest = "1:29145d7af4adafd72a79df5e41456ac9e232d5a28c1cd4dacf3ff008a217fc10"
  name = "github.com/lib/pq"
  packages = [
    ".",
    "oid",
  ]
  pruneopts = ""
  revision = "4ded0e9383f75c197b3a2aaa6d590ac52df6fd79"
  version = "v1.0.0"

[[projects]]
  branch = "master"
  digest = "1:7df7845c2d8f73ef5488175f856cb311721cab0ae30a3455b3dd766e35589231"
  name = "github.com/lytics/multibayes"
  packages = ["."]
  pruneopts = ""
  revision = "3457a5582021524757e154341b1095e3a0cdd8bd"

[[projects]]
  digest = "1:23540516cb089c446b9bf44a28b6b9727d203434db1e4f13ed2e3f0d4ca46300"
  name = "github.com/m-lab/ndt-server"
  packages = [
    "metadata",
    "ndt7/model",
  ]
  pruneopts = ""
  revision = "a56f857bc06050729ccceeb01e4bee167bfc0dfb"
  version = "v0.13.2"

[[projects]]
  branch = "master"
  digest = "1:df096c16aa22a639be66ba83323a8a2655773fdb2ac9f4df32d4aa75726fee62"
  name = "github.com/m-lab/ndt7-client-go"
  packages = [
    ".",
    "internal/download",
    "internal/params",
    "internal/upload",
    "internal/websocketx",
    "mlabns",
    "spec",
  ]
  pruneopts = ""
  revision = "4db21130739004a6f5390af03099a23129b7c559"

[[projects]]
  digest = "1:7d0c935fc03e8e13a4a462d7eb6c5dd5be28d871bd217a4348fcb87642130e3c"
  name = "github.com/m-lab/tcp-info"
  packages = ["tcp"]
  pruneopts = ""
  revision = "8af213a398175deb39bc0d0800a5980793d0272c"
  version = "v1.1.0"

[[projects]]
  digest = "1:3c01f6bec64cfeb7895910f010877b3bb909c4d9ab809c8e999498498db1532a"
  name = "github.com/markbates/goth"
  packages = [
    ".",
    "gothic",
    "providers/auth0",
    "providers/azureadv2",
    "providers/google",
    "providers/openidConnect",
  ]
  pruneopts = ""
  revision = "8aacfb121f0452efb8c70d81a780f8c80c074efb"

[[projects]]
  digest = "1:9ea83adf8e96d6304f394d40436f2eb44c1dc3250d223b74088cc253a6cd0a1c"
  name = "github.com/mattn/go-colorable"
  packages = ["."]
  pruneopts = ""
  revision = "167de6bfdfba052fa6b2d3664c8f5272e23c9072"
  version = "v0.0.9"

[[projects]]
  digest = "1:78229b46ddb7434f881390029bd1af7661294af31f6802e0e1bedaad4ab0af3c"
  name = "github.com/mattn/go-isatty"
  packages = ["."]
  pruneopts = ""
  revision = "0360b2af4f38e8d38c7fce2a9f4e702702d73a39"
  version = "v0.0.3"

[[projects]]
  digest = "1:82b912465c1da0668582a7d1117339c278e786c2536b3c3623029a0c7141c2d0"
  name = "github.com/mattn/go-runewidth"
  packages = ["."]
  pruneopts = ""
  revision = "ce7b0b5c7b45a81508558cd1dba6bb1e4ddb51bb"
  version = "v0.0.3"

[[projects]]
  digest = "1:cd4379452cc81f79acc16c477a1d1d7c2bf5807697f6cf3aafe221c4fbfed4ce"
  name = "github.com/mattn/go-sqlite3"
  packages = ["."]
  pruneopts = ""
  revision = "b612a2feea6aa87c6d052d9086572551df06497e"
  version = "v1.11.0"

[[projects]]
  digest = "1:63722a4b1e1717be7b98fc686e0b30d5e7f734b9e93d7dee86293b6deab7ea28"
  name = "github.com/matttproud/golang_protobuf_extensions"
  packages = ["pbutil"]
  pruneopts = ""
  revision = "c12348ce28de40eed0136aa2b644d0ee0650e56c"
  version = "v1.0.1"

[[projects]]
  digest = "1:8a1a2e0cafdb89add019757353036c7281c0c6f5e78458fb1cd57ae68c6fe8d3"
  name = "github.com/miekg/dns"
  packages = ["."]
  pruneopts = ""
  revision = "56be65265e34e731425e0269a301774938827c60"
  version = "v1.1.3"

[[projects]]
  digest = "1:68663e6e04c8a14911064888fb2426978b89aa23b04f0753cf82ec94ced5f483"
  name = "github.com/pin/tftp"
  packages = [
    ".",
    "netascii",
  ]
  pruneopts = ""
  revision = "9ea92f6b1029bc1bf3072bba195c84bb9b0370e3"
  version = "v2.1.0"

[[projects]]
  digest = "1:7365acd48986e205ccb8652cc746f09c8b7876030d53710ea6ef7d0bd0dcd7ca"
  name = "github.com/pkg/errors"
  packages = ["."]
  pruneopts = ""
  revision = "645ef00459ed84a119197bfb8d8205042c6df63d"
  version = "v0.8.0"

[[projects]]
  digest = "1:256484dbbcd271f9ecebc6795b2df8cad4c458dd0f5fd82a8c2fa0c29f233411"
  name = "github.com/pmezard/go-difflib"
  packages = ["difflib"]
  pruneopts = ""
  revision = "792786c7400a136282c1664665ae0a8db921c6c2"
  version = "v1.0.0"

[[projects]]
  branch = "master"
  digest = "1:c7743ce9b306ce7f2b79aff7192332aef99399ef0a050ec7fe6231e3516826bf"
  name = "github.com/pquerna/ffjson"
  packages = [
    "fflib/v1",
    "fflib/v1/internal",
  ]
  pruneopts = ""
  revision = "d49c2bc1aa135aad0c6f4fc2056623ec78f5d5ac"

[[projects]]
  digest = "1:4142d94383572e74b42352273652c62afec5b23f325222ed09198f46009022d1"
  name = "github.com/prometheus/client_golang"
  packages = [
    "prometheus",
    "prometheus/promhttp",
  ]
  pruneopts = ""
  revision = "c5b7fccd204277076155f10851dad72b76a49317"
  version = "v0.8.0"

[[projects]]
  branch = "master"
  digest = "1:60aca47f4eeeb972f1b9da7e7db51dee15ff6c59f7b401c1588b8e6771ba15ef"
  name = "github.com/prometheus/client_model"
  packages = ["go"]
  pruneopts = ""
  revision = "99fa1f4be8e564e8a6b613da7fa6f46c9edafc6c"

[[projects]]
  branch = "master"
  digest = "1:bfbc121ef802d245ef67421cff206615357d9202337a3d492b8f668906b485a8"
  name = "github.com/prometheus/common"
  packages = [
    "expfmt",
    "internal/bitbucket.org/ww/goautoneg",
    "model",
  ]
  pruneopts = ""
  revision = "7600349dcfe1abd18d72d3a1770870d9800a7801"

[[projects]]
  branch = "master"
  digest = "1:cccf925b20ad15bfad909bdfed67a0d9a29c7e2264597199858067e7eeada232"
  name = "github.com/prometheus/procfs"
  packages = [
    ".",
    "internal/util",
    "nfs",
    "xfs",
  ]
  pruneopts = ""
  revision = "7d6f385de8bea29190f15ba9931442a0eaef9af7"

[[projects]]
  digest = "1:7f569d906bdd20d906b606415b7d794f798f91a62fcfb6a4daa6d50690fb7a3f"
  name = "github.com/satori/uuid"
  packages = ["."]
  pruneopts = ""
  revision = "f58768cc1a7a7e77a3bd49e98cdd21419399b6a3"
  version = "v1.2.0"

[[projects]]
  digest = "1:5bce793b50c671c1a18fb89701a2fcf9a7e1a6027987349dfa951db64c6b745f"
  name = "github.com/sethvargo/go-diceware"
  packages = ["diceware"]
  pruneopts = ""
  revision = "908b539e6e6518acbe0008629fa386202b5ccaad"
  version = "0.1.1"

[[projects]]
  branch = "master"
  digest = "1:a87f17797a88aa5503dc05623bac27a4056953f00cb6b10f01e9828fb4825a66"
  name = "github.com/sfreiberg/gotwilio"
  packages = ["."]
  pruneopts = ""
  revision = "8fb7259ba8bf8c1b0e16e8568da10785ac29c79f"

[[projects]]
  branch = "master"
  digest = "1:7d28e071964f9f3b2cba2890806a164f6707e15078d674cdd99dd0f191696760"
  name = "github.com/sparrc/go-ping"
  packages = ["."]
  pruneopts = ""
  revision = "4e5b6552494c8005c60de6c60b50ebaefc69e592"

[[projects]]
  digest = "1:7ba2551c9a8de293bc575dbe2c0d862c52252d26f267f784547f059f512471c8"
  name = "github.com/spf13/afero"
  packages = [
    ".",
    "mem",
  ]
  pruneopts = ""
  revision = "787d034dfe70e44075ccc060d346146ef53270ad"
  version = "v1.1.1"

[[projects]]
  digest = "1:a1403cc8a94b8d7956ee5e9694badef0e7b051af289caad1cf668331e3ffa4f6"
  name = "github.com/spf13/cobra"
  packages = ["."]
  pruneopts = ""
  revision = "ef82de70bb3f60c65fb8eebacbb2d122ef517385"
  version = "v0.0.3"

[[projects]]
  digest = "1:0a52bcb568386d98f4894575d53ce3e456f56471de6897bb8b9de13c33d9340e"
  name = "github.com/spf13/pflag"
  packages = ["."]
  pruneopts = ""
  revision = "9a97c102cda95a86cec2345a6f09f55a939babf5"
  version = "v1.0.2"

[[projects]]
  digest = "1:711eebe744c0151a9d09af2315f0bb729b2ec7637ef4c410fa90a18ef74b65b6"
  name = "github.com/stretchr/objx"
  packages = ["."]
  pruneopts = ""
  revision = "477a77ecc69700c7cdeb1fa9e129548e1c1c393c"
  version = "v0.1.1"

[[projects]]
  digest = "1:381bcbeb112a51493d9d998bbba207a529c73dbb49b3fd789e48c63fac1f192c"
  name = "github.com/stretchr/testify"
  packages = [
    "assert",
    "mock",
    "require",
  ]
  pruneopts = ""
  revision = "ffdc059bfe9ce6a4e144ba849dbedead332c6053"
  version = "v1.3.0"

[[projects]]
  branch = "master"
  digest = "1:fc5f2762e4df86193d78ad84cbf2616d1ba1c9413737fc13faae35d24cb1d70e"
  name = "github.com/tatsushid/go-prettytable"
  packages = ["."]
  pruneopts = ""
  revision = "ed2d14c2993972f5ff95f34f17e6ce81b962779a"

[[projects]]
  branch = "master"
  digest = "1:bf9e7db8b421fa1c18e86cd51c98ed6574a7665d0ed40d5355b6514f7b40e9a9"
  name = "github.com/tomazk/envcfg"
  packages = ["."]
  pruneopts = ""
  revision = "23e3618f1e3368c5fcf78f1e9bc4d09a9362cef9"

[[projects]]
  branch = "master"
  digest = "1:95acc2f7645ec76caa95556013ff1f1ab39aace7f40ecdc985d2b8b0dc082350"
  name = "github.com/ttacon/builder"
  packages = ["."]
  pruneopts = ""
  revision = "c099f663e1c235176c175644792c5eb282017ad7"

[[projects]]
  branch = "master"
  digest = "1:dafd88cdc524ce2ecb02d2ecd8fa5df4fe78ab33796091416936cf3141dd6029"
  name = "github.com/ttacon/libphonenumber"
  packages = ["."]
  pruneopts = ""
  revision = "cd3e85af734429f2fb6deb49470add65cdcc32b7"

[[projects]]
  branch = "master"
  digest = "1:1d8cacc579a36ea4fb6f8701533a57b93d60c98f0eb14aa5aa242c54a0398f32"
  name = "github.com/unrolled/secure"
  packages = ["."]
  pruneopts = ""
  revision = "8287f3899c8e3d490748e18fe7d438629132914e"

[[projects]]
  digest = "1:b9e40449c82e4d149a786f2e4b1f687215d61dd38eddc382a4f7f21f8408a658"
  name = "github.com/urfave/negroni"
  packages = ["."]
  pruneopts = ""
  revision = "5dbbc83f748fc3ad38585842b0aedab546d0ea1e"
  version = "v0.3.0"

[[projects]]
  branch = "master"
  digest = "1:857a9ecd5cb13379ecc8f798f6e6b6b574c98b9355657d91e068275f1120aaf7"
  name = "github.com/valyala/bytebufferpool"
  packages = ["."]
  pruneopts = ""
  revision = "e746df99fe4a3986f4d4f79e13c1e0117ce9c2f7"

[[projects]]
  branch = "master"
  digest = "1:bf6f8915c0338e875383cb7fdebd58a4d360a232f461d9a029d7ccb12f90c5d7"
  name = "github.com/valyala/fasttemplate"
  packages = ["."]
  pruneopts = ""
  revision = "dcecefd839c4193db0d35b88ec65b4c12d360ab0"

[[projects]]
  digest = "1:724f3a4b46b74891b3acebf3ce3b6319a0efdec6004561961be0bbac2e9d9318"
  name = "github.com/xenolf/lego"
  packages = [
    "acme",
    "acme/api",
    "acme/api/internal/nonces",
    "acme/api/internal/secure",
    "acme/api/internal/sender",
    "certcrypto",
    "certificate",
    "challenge",
    "challenge/dns01",
    "challenge/http01",
    "challenge/resolver",
    "challenge/tlsalpn01",
    "lego",
    "log",
    "platform/config/env",
    "platform/wait",
    "providers/dns/exec",
    "providers/dns/gcloud",
    "registration",
  ]
  pruneopts = ""
  revision = "1c6f67f47a267af445b3636fdc0d45f853c967a9"

[[projects]]
  digest = "1:b126ccc9554b49fcf865344928807f5a2bee24673e0a87afab40b8b5417dbe41"
  name = "github.com/yourbasic/bloom"
  packages = ["."]
  pruneopts = ""
  revision = "04a87e707a81ec8fbbcf00594c548c3b44ed08ed"
  version = "1.2.4"

[[projects]]
  digest = "1:7ae9ab20a379344cd296d7cd041180d547ba5489b8fd6e8919e0de24a94991b2"
  name = "go.opencensus.io"
  packages = [
    ".",
    "exporter/stackdriver/propagation",
    "internal",
    "internal/tagencoding",
    "plugin/ocgrpc",
    "plugin/ochttp",
    "plugin/ochttp/propagation/b3",
    "stats",
    "stats/internal",
    "stats/view",
    "tag",
    "trace",
    "trace/internal",
    "trace/propagation",
  ]
  pruneopts = ""
  revision = "6edeb78af2d9e4f169abb223feaef35da2e45d06"
  version = "v0.13.0"

[[projects]]
  digest = "1:74f86c458e82e1c4efbab95233e0cf51b7cc02dc03193be9f62cd81224e10401"
  name = "go.uber.org/atomic"
  packages = ["."]
  pruneopts = ""
  revision = "1ea20fb1cbb1cc08cbd0d913a96dead89aa18289"
  version = "v1.3.2"

[[projects]]
  digest = "1:22c7effcb4da0eacb2bb1940ee173fac010e9ef3c691f5de4b524d538bd980f5"
  name = "go.uber.org/multierr"
  packages = ["."]
  pruneopts = ""
  revision = "3c4937480c32f4c13a875a1829af76c98ca3d40a"
  version = "v1.1.0"

[[projects]]
  digest = "1:246f378f80fba6fcf0f191c486b6613265abd2bc0f2fa55a36b928c67352021e"
  name = "go.uber.org/zap"
  packages = [
    ".",
    "buffer",
    "internal/bufferpool",
    "internal/color",
    "internal/exit",
    "internal/ztest",
    "zapcore",
    "zapgrpc",
    "zaptest",
  ]
  pruneopts = ""
  revision = "ff33455a0e382e8a81d14dd7c922020b6b5e7982"
  version = "v1.9.1"

[[projects]]
  branch = "master"
  digest = "1:6ef14be530be39b6b9d75d54ce1d546ae9231e652d9e3eef198cbb19ce8ed3e7"
  name = "golang.org/x/crypto"
  packages = [
    "acme",
    "acme/autocert",
    "bcrypt",
    "blowfish",
    "cast5",
    "curve25519",
    "ed25519",
    "ed25519/internal/edwards25519",
    "internal/chacha20",
    "internal/subtle",
    "md4",
    "ocsp",
    "openpgp",
    "openpgp/armor",
    "openpgp/elgamal",
    "openpgp/errors",
    "openpgp/packet",
    "openpgp/s2k",
    "pbkdf2",
    "poly1305",
    "sha3",
    "ssh",
    "ssh/terminal",
  ]
  pruneopts = ""
  revision = "a49355c7e3f8fe157a85be2f77e6e269a0f89602"

[[projects]]
  branch = "master"
  digest = "1:4656104e65eed39be4ad82d1c2d31ccb391ba51817ccfbb6140562b141392b71"
  name = "golang.org/x/net"
  packages = [
    "bpf",
    "context",
    "context/ctxhttp",
    "http/httpguts",
    "http2",
    "http2/hpack",
    "icmp",
    "idna",
    "internal/iana",
    "internal/socket",
    "internal/timeseries",
    "ipv4",
    "ipv6",
    "trace",
  ]
  pruneopts = ""
  revision = "afe8f62b1d6bbd81f31868121a50b06d8188e1f9"

[[projects]]
  branch = "master"
  digest = "1:a6237bd1fe4eed8524971a2923fcadb54e9584b19516a35d3f76f1c53f603cf9"
  name = "golang.org/x/oauth2"
  packages = [
    ".",
    "google",
    "internal",
    "jws",
    "jwt",
  ]
  pruneopts = ""
  revision = "ef147856a6ddbb60760db74283d2424e98c87bff"

[[projects]]
  branch = "master"
  digest = "1:b2ea75de0ccb2db2ac79356407f8a4cd8f798fe15d41b381c00abf3ae8e55ed1"
  name = "golang.org/x/sync"
  packages = [
    "errgroup",
    "semaphore",
  ]
  pruneopts = ""
  revision = "1d60e4601c6fd243af51cc01ddf169918a5407ca"

[[projects]]
  branch = "master"
  digest = "1:37bc80005adfac77fba493f73557385be7d5dbd0a8a58d30d94eb3e75476860d"
  name = "golang.org/x/sys"
  packages = [
    "unix",
    "windows",
  ]
  pruneopts = ""
  revision = "c4afb3effaa53fd9a06ca61262dc7ce8df4c081b"

[[projects]]
  digest = "1:5acd3512b047305d49e8763eef7ba423901e85d5dd2fd1e71778a0ea8de10bd4"
  name = "golang.org/x/text"
  packages = [
    "collate",
    "collate/build",
    "encoding",
    "encoding/internal",
    "encoding/internal/identifier",
    "encoding/unicode",
    "internal/colltab",
    "internal/gen",
    "internal/tag",
    "internal/triegen",
    "internal/ucd",
    "internal/utf8internal",
    "language",
    "runes",
    "secure/bidirule",
    "transform",
    "unicode/bidi",
    "unicode/cldr",
    "unicode/norm",
    "unicode/rangetable",
  ]
  pruneopts = ""
  revision = "f21a4dfb5e38f5895301dc265a8def02365cc3d0"
  version = "v0.3.0"

[[projects]]
  branch = "master"
  digest = "1:a220be47c0493d9d7549b73db62b1f2c3c28223e3d4f085c825cdaaeb21e0651"
  name = "google.golang.org/api"
  packages = [
    "dns/v1",
    "gensupport",
    "googleapi",
    "googleapi/internal/uritemplates",
    "googleapi/transport",
    "internal",
    "iterator",
    "option",
    "people/v1",
    "storage/v1",
    "support/bundler",
    "transport",
    "transport/grpc",
    "transport/http",
  ]
  pruneopts = ""
  revision = "cd4b2e727ec609b8e6f2430d588c795fec5b575c"

[[projects]]
  digest = "1:c1771ca6060335f9768dff6558108bc5ef6c58506821ad43377ee23ff059e472"
  name = "google.golang.org/appengine"
  packages = [
    ".",
    "internal",
    "internal/app_identity",
    "internal/base",
    "internal/datastore",
    "internal/log",
    "internal/modules",
    "internal/remote_api",
    "internal/socket",
    "internal/urlfetch",
    "socket",
    "urlfetch",
  ]
  pruneopts = ""
  revision = "b1f26356af11148e710935ed1ac8a7f5702c7612"
  version = "v1.1.0"

[[projects]]
  branch = "master"
  digest = "1:51660d223cf2ac7b172cda2cad336aea0228fed65a18befe270356d8f2eaf317"
  name = "google.golang.org/genproto"
  packages = [
    "googleapis/api/annotations",
    "googleapis/api/distribution",
    "googleapis/api/label",
    "googleapis/api/metric",
    "googleapis/api/monitoredres",
    "googleapis/iam/v1",
    "googleapis/logging/type",
    "googleapis/logging/v2",
    "googleapis/pubsub/v1",
    "googleapis/rpc/code",
    "googleapis/rpc/status",
    "protobuf/field_mask",
  ]
  pruneopts = ""
  revision = "80063a038e333bbe006c878e4c5ce4c74d055498"

[[projects]]
  digest = "1:1293087271e314cfa2b3decededba2ecba0ff327e7b7809e00f73f616449191c"
  name = "google.golang.org/grpc"
  packages = [
    ".",
    "balancer",
    "balancer/base",
    "balancer/roundrobin",
    "codes",
    "connectivity",
    "credentials",
    "credentials/oauth",
    "encoding",
    "encoding/gzip",
    "encoding/proto",
    "grpclog",
    "internal",
    "internal/backoff",
    "internal/channelz",
    "internal/envconfig",
    "internal/grpcrand",
    "internal/transport",
    "keepalive",
    "metadata",
    "naming",
    "peer",
    "resolver",
    "resolver/dns",
    "resolver/passthrough",
    "stats",
    "status",
    "tap",
  ]
  pruneopts = ""
  revision = "2e463a05d100327ca47ac218281906921038fd95"
  version = "v1.16.0"

[[projects]]
  digest = "1:f05c7e4dada99d485db5b9af5f958212e880d3b5ef8a6518f90d100d205a04f0"
  name = "gopkg.in/square/go-jose.v2"
  packages = [
    ".",
    "cipher",
    "json",
  ]
  pruneopts = ""
  revision = "f61ac651e23224d43848a8dc387dee016d7eacf9"
  version = "v2.2.0"

[[projects]]
  digest = "1:3b8a67dd2b157daf3906a2c99856afb2a236924af83deaf1af7a526a7be8934e"
  name = "nanomsg.org/go/mangos/v2"
  packages = [
    ".",
    "errors",
    "internal/core",
    "protocol",
    "protocol/bus",
    "protocol/rep",
    "protocol/req",
    "protocol/xbus",
    "transport",
    "transport/tcp",
  ]
  pruneopts = ""
  revision = "63f66a65137b9a648ac9f7bf0160b4a4d17d7999"
  version = "v2.0.2"

[solve-meta]
  analyzer-name = "dep"
  analyzer-version = 1
  input-imports = [
    "cloud.google.com/go/compute/metadata",
    "cloud.google.com/go/logging",
    "cloud.google.com/go/pubsub",
    "cloud.google.com/go/storage",
    "github.com/NYTimes/gziphandler",
    "github.com/antonlindstrom/pgstore",
    "github.com/bluele/gcache",
    "github.com/dgrijalva/jwt-go",
    "github.com/dhduvall/gcloudzap",
    "github.com/fatih/color",
    "github.com/gliderlabs/ssh",
    "github.com/goftp/file-driver",
    "github.com/goftp/server",
    "github.com/golang/protobuf/jsonpb",
    "github.com/golang/protobuf/proto",
    "github.com/golang/protobuf/ptypes",
    "github.com/golang/protobuf/ptypes/any",
    "github.com/golang/protobuf/ptypes/timestamp",
    "github.com/google/gopacket",
    "github.com/google/gopacket/layers",
    "github.com/google/gopacket/pcap",
    "github.com/gorilla/mux",
    "github.com/gorilla/securecookie",
    "github.com/gorilla/sessions",
    "github.com/gosuri/uiprogress",
    "github.com/grpc-ecosystem/go-grpc-middleware",
    "github.com/grpc-ecosystem/go-grpc-middleware/auth",
    "github.com/grpc-ecosystem/go-grpc-middleware/logging/zap",
    "github.com/grpc-ecosystem/go-grpc-middleware/tags",
    "github.com/grpc-ecosystem/go-grpc-middleware/util/metautils",
    "github.com/grpc-ecosystem/go-grpc-prometheus",
    "github.com/guregu/null",
    "github.com/hashicorp/go-version",
    "github.com/jlaffaye/ftp",
    "github.com/jmoiron/sqlx",
    "github.com/klauspost/oui",
    "github.com/krolaw/dhcp4",
    "github.com/labstack/echo",
    "github.com/labstack/echo-contrib/session",
    "github.com/labstack/echo/middleware",
    "github.com/labstack/gommon/log",
    "github.com/lair-framework/go-nmap",
    "github.com/lestrrat/go-apache-logformat",
    "github.com/lib/pq",
    "github.com/lytics/multibayes",
    "github.com/m-lab/ndt7-client-go",
    "github.com/m-lab/ndt7-client-go/spec",
    "github.com/markbates/goth",
    "github.com/markbates/goth/gothic",
    "github.com/markbates/goth/providers/auth0",
    "github.com/markbates/goth/providers/azureadv2",
    "github.com/markbates/goth/providers/google",
    "github.com/markbates/goth/providers/openidConnect",
    "github.com/mattn/go-sqlite3",
    "github.com/miekg/dns",
    "github.com/pin/tftp",
    "github.com/pkg/errors",
    "github.com/prometheus/client_golang/prometheus",
    "github.com/prometheus/client_golang/prometheus/promhttp",
    "github.com/satori/uuid",
    "github.com/sethvargo/go-diceware/diceware",
    "github.com/sfreiberg/gotwilio",
    "github.com/sparrc/go-ping",
    "github.com/spf13/afero",
    "github.com/spf13/cobra",
    "github.com/spf13/pflag",
    "github.com/stretchr/testify/assert",
    "github.com/stretchr/testify/mock",
    "github.com/stretchr/testify/require",
    "github.com/tatsushid/go-prettytable",
    "github.com/tomazk/envcfg",
    "github.com/ttacon/libphonenumber",
    "github.com/unrolled/secure",
    "github.com/urfave/negroni",
    "github.com/xenolf/lego/acme",
    "github.com/xenolf/lego/acme/api",
    "github.com/xenolf/lego/certcrypto",
    "github.com/xenolf/lego/certificate",
    "github.com/xenolf/lego/challenge",
    "github.com/xenolf/lego/challenge/dns01",
    "github.com/xenolf/lego/lego",
    "github.com/xenolf/lego/log",
    "github.com/xenolf/lego/providers/dns/exec",
    "github.com/xenolf/lego/providers/dns/gcloud",
    "github.com/xenolf/lego/registration",
    "github.com/yourbasic/bloom",
    "go.uber.org/zap",
    "go.uber.org/zap/zapcore",
    "go.uber.org/zap/zapgrpc",
    "go.uber.org/zap/zaptest",
    "golang.org/x/crypto/bcrypt",
    "golang.org/x/crypto/md4",
    "golang.org/x/crypto/openpgp",
    "golang.org/x/crypto/openpgp/armor",
    "golang.org/x/crypto/sha3",
    "golang.org/x/crypto/ssh",
    "golang.org/x/crypto/ssh/terminal",
    "golang.org/x/net/context",
    "golang.org/x/net/ipv4",
    "golang.org/x/oauth2",
    "golang.org/x/oauth2/google",
    "golang.org/x/text/encoding/unicode",
    "golang.org/x/text/transform",
    "google.golang.org/api/googleapi",
    "google.golang.org/api/iterator",
    "google.golang.org/api/option",
    "google.golang.org/api/people/v1",
    "google.golang.org/grpc",
    "google.golang.org/grpc/codes",
    "google.golang.org/grpc/credentials",
    "google.golang.org/grpc/encoding/gzip",
    "google.golang.org/grpc/grpclog",
    "google.golang.org/grpc/keepalive",
    "google.golang.org/grpc/metadata",
    "google.golang.org/grpc/peer",
    "google.golang.org/grpc/status",
    "nanomsg.org/go/mangos/v2",
    "nanomsg.org/go/mangos/v2/protocol/bus",
    "nanomsg.org/go/mangos/v2/protocol/rep",
    "nanomsg.org/go/mangos/v2/protocol/req",
    "nanomsg.org/go/mangos/v2/transport/tcp",
  ]
  solver-name = "gps-cdcl"
  solver-version = 1
